
Microsoft Visual Studio Solution File, Format Version 12.00
# Visual Studio Version 16
VisualStudioVersion = 16.0.31112.23
MinimumVisualStudioVersion = 10.0.40219.1
Project("{FAE04EC0-301F-11D3-BF4B-00C04F79EFBC}") = "CodeFirstGamesSecond", "CodeFirstGamesSecond\CodeFirstGamesSecond.csproj", "{714AF5F7-CB49-43DA-BD4D-92F460412094}"
EndProject
Global
	GlobalSection(SolutionConfigurationPlatforms) = preSolution
		Debug|Any CPU = Debug|Any CPU
		Release|Any CPU = Release|Any CPU
	EndGlobalSection
	GlobalSection(ProjectConfigurationPlatforms) = postSolution
		{714AF5F7-CB49-43DA-BD4D-92F460412094}.Debug|Any CPU.ActiveCfg = Debug|Any CPU
		{714AF5F7-CB49-43DA-BD4D-92F460412094}.Debug|Any CPU.Build.0 = Debug|Any CPU
		{714AF5F7-CB49-43DA-BD4D-92F460412094}.Release|Any CPU.ActiveCfg = Release|Any CPU
		{714AF5F7-CB49-43DA-BD4D-92F460412094}.Release|Any CPU.Build.0 = Release|Any CPU
	EndGlobalSection
	GlobalSection(SolutionProperties) = preSolution
		HideSolutionNode = FALSE
	EndGlobalSection
	GlobalSection(ExtensibilityGlobals) = postSolution
		SolutionGuid = {1F199BE0-5B4C-4213-99B3-9D555578727B}
	EndGlobalSection
EndGlobal
