
Microsoft Visual Studio Solution File, Format Version 12.00
# Visual Studio Version 16
VisualStudioVersion = 16.0.31112.23
MinimumVisualStudioVersion = 10.0.40219.1
Project("{FAE04EC0-301F-11D3-BF4B-00C04F79EFBC}") = "TPH_and_TPT", "TPH_and_TPT\TPH_and_TPT.csproj", "{C7CDAD64-C3E2-42D1-88AC-66F0D51936B4}"
EndProject
Global
	GlobalSection(SolutionConfigurationPlatforms) = preSolution
		Debug|Any CPU = Debug|Any CPU
		Release|Any CPU = Release|Any CPU
	EndGlobalSection
	GlobalSection(ProjectConfigurationPlatforms) = postSolution
		{C7CDAD64-C3E2-42D1-88AC-66F0D51936B4}.Debug|Any CPU.ActiveCfg = Debug|Any CPU
		{C7CDAD64-C3E2-42D1-88AC-66F0D51936B4}.Debug|Any CPU.Build.0 = Debug|Any CPU
		{C7CDAD64-C3E2-42D1-88AC-66F0D51936B4}.Release|Any CPU.ActiveCfg = Release|Any CPU
		{C7CDAD64-C3E2-42D1-88AC-66F0D51936B4}.Release|Any CPU.Build.0 = Release|Any CPU
	EndGlobalSection
	GlobalSection(SolutionProperties) = preSolution
		HideSolutionNode = FALSE
	EndGlobalSection
	GlobalSection(ExtensibilityGlobals) = postSolution
		SolutionGuid = {4550F4F8-C155-4AD8-BBF4-54C2F50DF21F}
	EndGlobalSection
EndGlobal
